schema: '2.0'
stages:
  data_ingestion:
    cmd: python src/data_ingestion.py
    deps:
    - path: src/data_ingestion.py
      hash: md5
      md5: 55cfbf89a41ea9038f5e6cdb31c47a98
      size: 3475
    params:
      params.yaml:
        data_ingestion.test_size: 0.15
    outs:
    - path: data/raw
      hash: md5
      md5: 062963602e191602e23fad5a11eaa8ea.dir
      size: 484846
      nfiles: 2
  data_preprocessing:
    cmd: python src/data_preprocessing.py
    deps:
    - path: data/raw
      hash: md5
      md5: 062963602e191602e23fad5a11eaa8ea.dir
      size: 484846
      nfiles: 2
    - path: src/data_preprocessing.py
      hash: md5
      md5: 420b33909e5cc0dff89b9af84743d42f
      size: 3512
    outs:
    - path: data/interim
      hash: md5
      md5: d8661f67363ea4bd1fabb1816b116ec3.dir
      size: 218175
      nfiles: 2
  feature_engineering:
    cmd: python src/feature_engineering.py
    deps:
    - path: data/interim
      hash: md5
      md5: d8661f67363ea4bd1fabb1816b116ec3.dir
      size: 218175
      nfiles: 2
    - path: src/feature_engineering.py
      hash: md5
      md5: b5a81331a5bb8f689f64164d579e4d2f
      size: 3855
    params:
      params.yaml:
        feature_engineering.max_features: 60
    outs:
    - path: data/processed
      hash: md5
      md5: 16351d3f340e008e206f47edb1f78cc6.dir
      size: 1274160
      nfiles: 2
  model_training:
    cmd: python src/model_training.py
    deps:
    - path: data/processed
      hash: md5
      md5: 16351d3f340e008e206f47edb1f78cc6.dir
      size: 1274160
      nfiles: 2
    - path: src/model_training.py
      hash: md5
      md5: 8c8738332ccac514b6ff939fe8c4af33
      size: 3918
    params:
      params.yaml:
        model_training.n_estimators: 25
        model_training.random_state: 2
    outs:
    - path: models/model.pkl
      hash: md5
      md5: a22e33e0f288652b109b4d4a540a505c
      size: 211579
  model_evaluation:
    cmd: python src/model_evaluation.py
    deps:
    - path: models/model.pkl
      hash: md5
      md5: a22e33e0f288652b109b4d4a540a505c
      size: 211579
    - path: src/model_evaluation.py
      hash: md5
      md5: b70da8d0cfe57cf48ba1907be91128ab
      size: 3620
    outs:
    - path: reports/metrics.json
      hash: md5
      md5: 30084a5e7c3e32fcd1649a0a46027994
      size: 146
